
Microsoft Visual Studio Solution File, Format Version 12.00
# Visual Studio 14
VisualStudioVersion = 14.0.24720.0
MinimumVisualStudioVersion = 10.0.40219.1
Project("{FAE04EC0-301F-11D3-BF4B-00C04F79EFBC}") = "StudentCatalog2016", "StudentCatalog2016\StudentCatalog2016.csproj", "{ECD525BC-3233-4380-BE67-EE14EAED3AE6}"
EndProject
Project("{FAE04EC0-301F-11D3-BF4B-00C04F79EFBC}") = "StudentCatalog2016.Tests", "StudentCatalog2016.Tests\StudentCatalog2016.Tests.csproj", "{6C2E5D6F-8321-4110-B46C-E110FBC72D94}"
EndProject
Global
	GlobalSection(SolutionConfigurationPlatforms) = preSolution
		Debug|Any CPU = Debug|Any CPU
		Release|Any CPU = Release|Any CPU
	EndGlobalSection
	GlobalSection(ProjectConfigurationPlatforms) = postSolution
		{ECD525BC-3233-4380-BE67-EE14EAED3AE6}.Debug|Any CPU.ActiveCfg = Debug|Any CPU
		{ECD525BC-3233-4380-BE67-EE14EAED3AE6}.Debug|Any CPU.Build.0 = Debug|Any CPU
		{ECD525BC-3233-4380-BE67-EE14EAED3AE6}.Release|Any CPU.ActiveCfg = Release|Any CPU
		{ECD525BC-3233-4380-BE67-EE14EAED3AE6}.Release|Any CPU.Build.0 = Release|Any CPU
		{6C2E5D6F-8321-4110-B46C-E110FBC72D94}.Debug|Any CPU.ActiveCfg = Debug|Any CPU
		{6C2E5D6F-8321-4110-B46C-E110FBC72D94}.Debug|Any CPU.Build.0 = Debug|Any CPU
		{6C2E5D6F-8321-4110-B46C-E110FBC72D94}.Release|Any CPU.ActiveCfg = Release|Any CPU
		{6C2E5D6F-8321-4110-B46C-E110FBC72D94}.Release|Any CPU.Build.0 = Release|Any CPU
	EndGlobalSection
	GlobalSection(SolutionProperties) = preSolution
		HideSolutionNode = FALSE
	EndGlobalSection
EndGlobal
